
Microsoft Visual Studio Solution File, Format Version 12.00
# Visual Studio Version 16
VisualStudioVersion = 16.0.31729.503
MinimumVisualStudioVersion = 10.0.40219.1
Project("{FAE04EC0-301F-11D3-BF4B-00C04F79EFBC}") = "Projekt.UWP", "Projekt\Projekt.UWP\Projekt.UWP.csproj", "{5AC68828-FA9B-4C56-8128-58B73506C3D6}"
EndProject
Project("{FAE04EC0-301F-11D3-BF4B-00C04F79EFBC}") = "Projekt.Android", "Projekt\Projekt.Android\Projekt.Android.csproj", "{294F49BF-F69D-4580-96BF-803348A6E605}"
EndProject
Project("{FAE04EC0-301F-11D3-BF4B-00C04F79EFBC}") = "Projekt.iOS", "Projekt\Projekt.iOS\Projekt.iOS.csproj", "{1A0C2588-CE82-4AC4-B364-5E68193311DE}"
EndProject
Project("{9A19103F-16F7-4668-BE54-9A1E7A4F7556}") = "Projekt", "Projekt\Projekt\Projekt.csproj", "{01F7EA2F-BED1-42DE-A16D-9C40E977B715}"
EndProject
Project("{2150E333-8FDC-42A3-9474-1A3956D46DE8}") = "Solution Items", "Solution Items", "{B3AAE83E-2234-4FA3-81EB-9AADFE468BB9}"
EndProject
Global
	GlobalSection(SolutionConfigurationPlatforms) = preSolution
		Debug|Any CPU = Debug|Any CPU
		Debug|ARM = Debug|ARM
		Debug|iPhone = Debug|iPhone
		Debug|iPhoneSimulator = Debug|iPhoneSimulator
		Debug|x64 = Debug|x64
		Debug|x86 = Debug|x86
		Release|Any CPU = Release|Any CPU
		Release|ARM = Release|ARM
		Release|iPhone = Release|iPhone
		Release|iPhoneSimulator = Release|iPhoneSimulator
		Release|x64 = Release|x64
		Release|x86 = Release|x86
	EndGlobalSection
	GlobalSection(ProjectConfigurationPlatforms) = postSolution
		{5AC68828-FA9B-4C56-8128-58B73506C3D6}.Debug|Any CPU.ActiveCfg = Debug|x86
		{5AC68828-FA9B-4C56-8128-58B73506C3D6}.Debug|Any CPU.Build.0 = Debug|x86
		{5AC68828-FA9B-4C56-8128-58B73506C3D6}.Debug|Any CPU.Deploy.0 = Debug|x86
		{5AC68828-FA9B-4C56-8128-58B73506C3D6}.Debug|ARM.ActiveCfg = Debug|ARM
		{5AC68828-FA9B-4C56-8128-58B73506C3D6}.Debug|ARM.Build.0 = Debug|ARM
		{5AC68828-FA9B-4C56-8128-58B73506C3D6}.Debug|ARM.Deploy.0 = Debug|ARM
		{5AC68828-FA9B-4C56-8128-58B73506C3D6}.Debug|iPhone.ActiveCfg = Debug|x86
		{5AC68828-FA9B-4C56-8128-58B73506C3D6}.Debug|iPhone.Build.0 = Debug|x86
		{5AC68828-FA9B-4C56-8128-58B73506C3D6}.Debug|iPhone.Deploy.0 = Debug|x86
		{5AC68828-FA9B-4C56-8128-58B73506C3D6}.Debug|iPhoneSimulator.ActiveCfg = Debug|x86
		{5AC68828-FA9B-4C56-8128-58B73506C3D6}.Debug|iPhoneSimulator.Build.0 = Debug|x86
		{5AC68828-FA9B-4C56-8128-58B73506C3D6}.Debug|iPhoneSimulator.Deploy.0 = Debug|x86
		{5AC68828-FA9B-4C56-8128-58B73506C3D6}.Debug|x64.ActiveCfg = Debug|x64
		{5AC68828-FA9B-4C56-8128-58B73506C3D6}.Debug|x64.Build.0 = Debug|x64
		{5AC68828-FA9B-4C56-8128-58B73506C3D6}.Debug|x64.Deploy.0 = Debug|x64
		{5AC68828-FA9B-4C56-8128-58B73506C3D6}.Debug|x86.ActiveCfg = Debug|x86
		{5AC68828-FA9B-4C56-8128-58B73506C3D6}.Debug|x86.Build.0 = Debug|x86
		{5AC68828-FA9B-4C56-8128-58B73506C3D6}.Debug|x86.Deploy.0 = Debug|x86
		{5AC68828-FA9B-4C56-8128-58B73506C3D6}.Release|Any CPU.ActiveCfg = Release|x86
		{5AC68828-FA9B-4C56-8128-58B73506C3D6}.Release|Any CPU.Build.0 = Release|x86
		{5AC68828-FA9B-4C56-8128-58B73506C3D6}.Release|Any CPU.Deploy.0 = Release|x86
		{5AC68828-FA9B-4C56-8128-58B73506C3D6}.Release|ARM.ActiveCfg = Release|ARM
		{5AC68828-FA9B-4C56-8128-58B73506C3D6}.Release|ARM.Build.0 = Release|ARM
		{5AC68828-FA9B-4C56-8128-58B73506C3D6}.Release|ARM.Deploy.0 = Release|ARM
		{5AC68828-FA9B-4C56-8128-58B73506C3D6}.Release|iPhone.ActiveCfg = Release|x86
		{5AC68828-FA9B-4C56-8128-58B73506C3D6}.Release|iPhone.Build.0 = Release|x86
		{5AC68828-FA9B-4C56-8128-58B73506C3D6}.Release|iPhone.Deploy.0 = Release|x86
		{5AC68828-FA9B-4C56-8128-58B73506C3D6}.Release|iPhoneSimulator.ActiveCfg = Release|x86
		{5AC68828-FA9B-4C56-8128-58B73506C3D6}.Release|iPhoneSimulator.Build.0 = Release|x86
		{5AC68828-FA9B-4C56-8128-58B73506C3D6}.Release|iPhoneSimulator.Deploy.0 = Release|x86
		{5AC68828-FA9B-4C56-8128-58B73506C3D6}.Release|x64.ActiveCfg = Release|x64
		{5AC68828-FA9B-4C56-8128-58B73506C3D6}.Release|x64.Build.0 = Release|x64
		{5AC68828-FA9B-4C56-8128-58B73506C3D6}.Release|x64.Deploy.0 = Release|x64
		{5AC68828-FA9B-4C56-8128-58B73506C3D6}.Release|x86.ActiveCfg = Release|x86
		{5AC68828-FA9B-4C56-8128-58B73506C3D6}.Release|x86.Build.0 = Release|x86
		{5AC68828-FA9B-4C56-8128-58B73506C3D6}.Release|x86.Deploy.0 = Release|x86
		{294F49BF-F69D-4580-96BF-803348A6E605}.Debug|Any CPU.ActiveCfg = Debug|Any CPU
		{294F49BF-F69D-4580-96BF-803348A6E605}.Debug|Any CPU.Build.0 = Debug|Any CPU
		{294F49BF-F69D-4580-96BF-803348A6E605}.Debug|Any CPU.Deploy.0 = Debug|Any CPU
		{294F49BF-F69D-4580-96BF-803348A6E605}.Debug|ARM.ActiveCfg = Debug|Any CPU
		{294F49BF-F69D-4580-96BF-803348A6E605}.Debug|ARM.Build.0 = Debug|Any CPU
		{294F49BF-F69D-4580-96BF-803348A6E605}.Debug|ARM.Deploy.0 = Debug|Any CPU
		{294F49BF-F69D-4580-96BF-803348A6E605}.Debug|iPhone.ActiveCfg = Debug|Any CPU
		{294F49BF-F69D-4580-96BF-803348A6E605}.Debug|iPhone.Build.0 = Debug|Any CPU
		{294F49BF-F69D-4580-96BF-803348A6E605}.Debug|iPhone.Deploy.0 = Debug|Any CPU
		{294F49BF-F69D-4580-96BF-803348A6E605}.Debug|iPhoneSimulator.ActiveCfg = Debug|Any CPU
		{294F49BF-F69D-4580-96BF-803348A6E605}.Debug|iPhoneSimulator.Build.0 = Debug|Any CPU
		{294F49BF-F69D-4580-96BF-803348A6E605}.Debug|iPhoneSimulator.Deploy.0 = Debug|Any CPU
		{294F49BF-F69D-4580-96BF-803348A6E605}.Debug|x64.ActiveCfg = Debug|Any CPU
		{294F49BF-F69D-4580-96BF-803348A6E605}.Debug|x64.Build.0 = Debug|Any CPU
		{294F49BF-F69D-4580-96BF-803348A6E605}.Debug|x64.Deploy.0 = Debug|Any CPU
		{294F49BF-F69D-4580-96BF-803348A6E605}.Debug|x86.ActiveCfg = Debug|Any CPU
		{294F49BF-F69D-4580-96BF-803348A6E605}.Debug|x86.Build.0 = Debug|Any CPU
		{294F49BF-F69D-4580-96BF-803348A6E605}.Debug|x86.Deploy.0 = Debug|Any CPU
		{294F49BF-F69D-4580-96BF-803348A6E605}.Release|Any CPU.ActiveCfg = Release|Any CPU
		{294F49BF-F69D-4580-96BF-803348A6E605}.Release|Any CPU.Build.0 = Release|Any CPU
		{294F49BF-F69D-4580-96BF-803348A6E605}.Release|Any CPU.Deploy.0 = Release|Any CPU
		{294F49BF-F69D-4580-96BF-803348A6E605}.Release|ARM.ActiveCfg = Release|Any CPU
		{294F49BF-F69D-4580-96BF-803348A6E605}.Release|ARM.Build.0 = Release|Any CPU
		{294F49BF-F69D-4580-96BF-803348A6E605}.Release|ARM.Deploy.0 = Release|Any CPU
		{294F49BF-F69D-4580-96BF-803348A6E605}.Release|iPhone.ActiveCfg = Release|Any CPU
		{294F49BF-F69D-4580-96BF-803348A6E605}.Release|iPhone.Build.0 = Release|Any CPU
		{294F49BF-F69D-4580-96BF-803348A6E605}.Release|iPhone.Deploy.0 = Release|Any CPU
		{294F49BF-F69D-4580-96BF-803348A6E605}.Release|iPhoneSimulator.ActiveCfg = Release|Any CPU
		{294F49BF-F69D-4580-96BF-803348A6E605}.Release|iPhoneSimulator.Build.0 = Release|Any CPU
		{294F49BF-F69D-4580-96BF-803348A6E605}.Release|iPhoneSimulator.Deploy.0 = Release|Any CPU
		{294F49BF-F69D-4580-96BF-803348A6E605}.Release|x64.ActiveCfg = Release|Any CPU
		{294F49BF-F69D-4580-96BF-803348A6E605}.Release|x64.Build.0 = Release|Any CPU
		{294F49BF-F69D-4580-96BF-803348A6E605}.Release|x64.Deploy.0 = Release|Any CPU
		{294F49BF-F69D-4580-96BF-803348A6E605}.Release|x86.ActiveCfg = Release|Any CPU
		{294F49BF-F69D-4580-96BF-803348A6E605}.Release|x86.Build.0 = Release|Any CPU
		{294F49BF-F69D-4580-96BF-803348A6E605}.Release|x86.Deploy.0 = Release|Any CPU
		{1A0C2588-CE82-4AC4-B364-5E68193311DE}.Debug|Any CPU.ActiveCfg = Debug|iPhoneSimulator
		{1A0C2588-CE82-4AC4-B364-5E68193311DE}.Debug|Any CPU.Build.0 = Debug|iPhoneSimulator
		{1A0C2588-CE82-4AC4-B364-5E68193311DE}.Debug|Any CPU.Deploy.0 = Debug|iPhoneSimulator
		{1A0C2588-CE82-4AC4-B364-5E68193311DE}.Debug|ARM.ActiveCfg = Debug|iPhone
		{1A0C2588-CE82-4AC4-B364-5E68193311DE}.Debug|ARM.Build.0 = Debug|iPhone
		{1A0C2588-CE82-4AC4-B364-5E68193311DE}.Debug|ARM.Deploy.0 = Debug|iPhone
		{1A0C2588-CE82-4AC4-B364-5E68193311DE}.Debug|iPhone.ActiveCfg = Debug|iPhone
		{1A0C2588-CE82-4AC4-B364-5E68193311DE}.Debug|iPhone.Build.0 = Debug|iPhone
		{1A0C2588-CE82-4AC4-B364-5E68193311DE}.Debug|iPhone.Deploy.0 = Debug|iPhone
		{1A0C2588-CE82-4AC4-B364-5E68193311DE}.Debug|iPhoneSimulator.ActiveCfg = Debug|iPhoneSimulator
		{1A0C2588-CE82-4AC4-B364-5E68193311DE}.Debug|iPhoneSimulator.Build.0 = Debug|iPhoneSimulator
		{1A0C2588-CE82-4AC4-B364-5E68193311DE}.Debug|iPhoneSimulator.Deploy.0 = Debug|iPhoneSimulator
		{1A0C2588-CE82-4AC4-B364-5E68193311DE}.Debug|x64.ActiveCfg = Debug|iPhoneSimulator
		{1A0C2588-CE82-4AC4-B364-5E68193311DE}.Debug|x64.Build.0 = Debug|iPhoneSimulator
		{1A0C2588-CE82-4AC4-B364-5E68193311DE}.Debug|x64.Deploy.0 = Debug|iPhoneSimulator
		{1A0C2588-CE82-4AC4-B364-5E68193311DE}.Debug|x86.ActiveCfg = Debug|iPhoneSimulator
		{1A0C2588-CE82-4AC4-B364-5E68193311DE}.Debug|x86.Build.0 = Debug|iPhoneSimulator
		{1A0C2588-CE82-4AC4-B364-5E68193311DE}.Debug|x86.Deploy.0 = Debug|iPhoneSimulator
		{1A0C2588-CE82-4AC4-B364-5E68193311DE}.Release|Any CPU.ActiveCfg = Release|iPhoneSimulator
		{1A0C2588-CE82-4AC4-B364-5E68193311DE}.Release|Any CPU.Build.0 = Release|iPhoneSimulator
		{1A0C2588-CE82-4AC4-B364-5E68193311DE}.Release|Any CPU.Deploy.0 = Release|iPhoneSimulator
		{1A0C2588-CE82-4AC4-B364-5E68193311DE}.Release|ARM.ActiveCfg = Release|iPhoneSimulator
		{1A0C2588-CE82-4AC4-B364-5E68193311DE}.Release|ARM.Build.0 = Release|iPhoneSimulator
		{1A0C2588-CE82-4AC4-B364-5E68193311DE}.Release|ARM.Deploy.0 = Release|iPhoneSimulator
		{1A0C2588-CE82-4AC4-B364-5E68193311DE}.Release|iPhone.ActiveCfg = Release|iPhone
		{1A0C2588-CE82-4AC4-B364-5E68193311DE}.Release|iPhone.Build.0 = Release|iPhone
		{1A0C2588-CE82-4AC4-B364-5E68193311DE}.Release|iPhone.Deploy.0 = Release|iPhone
		{1A0C2588-CE82-4AC4-B364-5E68193311DE}.Release|iPhoneSimulator.ActiveCfg = Release|iPhoneSimulator
		{1A0C2588-CE82-4AC4-B364-5E68193311DE}.Release|iPhoneSimulator.Build.0 = Release|iPhoneSimulator
		{1A0C2588-CE82-4AC4-B364-5E68193311DE}.Release|iPhoneSimulator.Deploy.0 = Release|iPhoneSimulator
		{1A0C2588-CE82-4AC4-B364-5E68193311DE}.Release|x64.ActiveCfg = Release|iPhoneSimulator
		{1A0C2588-CE82-4AC4-B364-5E68193311DE}.Release|x64.Build.0 = Release|iPhoneSimulator
		{1A0C2588-CE82-4AC4-B364-5E68193311DE}.Release|x64.Deploy.0 = Release|iPhoneSimulator
		{1A0C2588-CE82-4AC4-B364-5E68193311DE}.Release|x86.ActiveCfg = Release|iPhoneSimulator
		{1A0C2588-CE82-4AC4-B364-5E68193311DE}.Release|x86.Build.0 = Release|iPhoneSimulator
		{1A0C2588-CE82-4AC4-B364-5E68193311DE}.Release|x86.Deploy.0 = Release|iPhoneSimulator
		{01F7EA2F-BED1-42DE-A16D-9C40E977B715}.Debug|Any CPU.ActiveCfg = Debug|Any CPU
		{01F7EA2F-BED1-42DE-A16D-9C40E977B715}.Debug|Any CPU.Build.0 = Debug|Any CPU
		{01F7EA2F-BED1-42DE-A16D-9C40E977B715}.Debug|Any CPU.Deploy.0 = Debug|Any CPU
		{01F7EA2F-BED1-42DE-A16D-9C40E977B715}.Debug|ARM.ActiveCfg = Debug|Any CPU
		{01F7EA2F-BED1-42DE-A16D-9C40E977B715}.Debug|ARM.Build.0 = Debug|Any CPU
		{01F7EA2F-BED1-42DE-A16D-9C40E977B715}.Debug|ARM.Deploy.0 = Debug|Any CPU
		{01F7EA2F-BED1-42DE-A16D-9C40E977B715}.Debug|iPhone.ActiveCfg = Debug|Any CPU
		{01F7EA2F-BED1-42DE-A16D-9C40E977B715}.Debug|iPhone.Build.0 = Debug|Any CPU
		{01F7EA2F-BED1-42DE-A16D-9C40E977B715}.Debug|iPhone.Deploy.0 = Debug|Any CPU
		{01F7EA2F-BED1-42DE-A16D-9C40E977B715}.Debug|iPhoneSimulator.ActiveCfg = Debug|Any CPU
		{01F7EA2F-BED1-42DE-A16D-9C40E977B715}.Debug|iPhoneSimulator.Build.0 = Debug|Any CPU
		{01F7EA2F-BED1-42DE-A16D-9C40E977B715}.Debug|iPhoneSimulator.Deploy.0 = Debug|Any CPU
		{01F7EA2F-BED1-42DE-A16D-9C40E977B715}.Debug|x64.ActiveCfg = Debug|Any CPU
		{01F7EA2F-BED1-42DE-A16D-9C40E977B715}.Debug|x64.Build.0 = Debug|Any CPU
		{01F7EA2F-BED1-42DE-A16D-9C40E977B715}.Debug|x64.Deploy.0 = Debug|Any CPU
		{01F7EA2F-BED1-42DE-A16D-9C40E977B715}.Debug|x86.ActiveCfg = Debug|Any CPU
		{01F7EA2F-BED1-42DE-A16D-9C40E977B715}.Debug|x86.Build.0 = Debug|Any CPU
		{01F7EA2F-BED1-42DE-A16D-9C40E977B715}.Debug|x86.Deploy.0 = Debug|Any CPU
		{01F7EA2F-BED1-42DE-A16D-9C40E977B715}.Release|Any CPU.ActiveCfg = Release|Any CPU
		{01F7EA2F-BED1-42DE-A16D-9C40E977B715}.Release|Any CPU.Build.0 = Release|Any CPU
		{01F7EA2F-BED1-42DE-A16D-9C40E977B715}.Release|Any CPU.Deploy.0 = Release|Any CPU
		{01F7EA2F-BED1-42DE-A16D-9C40E977B715}.Release|ARM.ActiveCfg = Release|Any CPU
		{01F7EA2F-BED1-42DE-A16D-9C40E977B715}.Release|ARM.Build.0 = Release|Any CPU
		{01F7EA2F-BED1-42DE-A16D-9C40E977B715}.Release|ARM.Deploy.0 = Release|Any CPU
		{01F7EA2F-BED1-42DE-A16D-9C40E977B715}.Release|iPhone.ActiveCfg = Release|Any CPU
		{01F7EA2F-BED1-42DE-A16D-9C40E977B715}.Release|iPhone.Build.0 = Release|Any CPU
		{01F7EA2F-BED1-42DE-A16D-9C40E977B715}.Release|iPhone.Deploy.0 = Release|Any CPU
		{01F7EA2F-BED1-42DE-A16D-9C40E977B715}.Release|iPhoneSimulator.ActiveCfg = Release|Any CPU
		{01F7EA2F-BED1-42DE-A16D-9C40E977B715}.Release|iPhoneSimulator.Build.0 = Release|Any CPU
		{01F7EA2F-BED1-42DE-A16D-9C40E977B715}.Release|iPhoneSimulator.Deploy.0 = Release|Any CPU
		{01F7EA2F-BED1-42DE-A16D-9C40E977B715}.Release|x64.ActiveCfg = Release|Any CPU
		{01F7EA2F-BED1-42DE-A16D-9C40E977B715}.Release|x64.Build.0 = Release|Any CPU
		{01F7EA2F-BED1-42DE-A16D-9C40E977B715}.Release|x64.Deploy.0 = Release|Any CPU
		{01F7EA2F-BED1-42DE-A16D-9C40E977B715}.Release|x86.ActiveCfg = Release|Any CPU
		{01F7EA2F-BED1-42DE-A16D-9C40E977B715}.Release|x86.Build.0 = Release|Any CPU
		{01F7EA2F-BED1-42DE-A16D-9C40E977B715}.Release|x86.Deploy.0 = Release|Any CPU
	EndGlobalSection
	GlobalSection(SolutionProperties) = preSolution
		HideSolutionNode = FALSE
	EndGlobalSection
	GlobalSection(ExtensibilityGlobals) = postSolution
		SolutionGuid = {C14C6009-4978-413A-B852-A923AA33FD15}
	EndGlobalSection
EndGlobal
